// !$*UTF8*$!
{
	archiveVersion = 1;
	classes = {
	};
	objectVersion = 50;
	objects = {

/* Begin PBXBuildFile section */
		83582819215A2580003305C5 /* FileHelper.swift in Sources */ = {isa = PBXBuildFile; fileRef = 83582818215A2580003305C5 /* FileHelper.swift */; };
		8367B8B3214CE95700DD2B2D /* AppDelegate.swift in Sources */ = {isa = PBXBuildFile; fileRef = 8367B8B2214CE95700DD2B2D /* AppDelegate.swift */; };
		8367B8B5214CE95700DD2B2D /* AlbumViewController.swift in Sources */ = {isa = PBXBuildFile; fileRef = 8367B8B4214CE95700DD2B2D /* AlbumViewController.swift */; };
		8367B8B8214CE95700DD2B2D /* Main.storyboard in Resources */ = {isa = PBXBuildFile; fileRef = 8367B8B6214CE95700DD2B2D /* Main.storyboard */; };
		8367B8BA214CE95800DD2B2D /* Assets.xcassets in Resources */ = {isa = PBXBuildFile; fileRef = 8367B8B9214CE95800DD2B2D /* Assets.xcassets */; };
		8367B8BD214CE95800DD2B2D /* LaunchScreen.storyboard in Resources */ = {isa = PBXBuildFile; fileRef = 8367B8BB214CE95800DD2B2D /* LaunchScreen.storyboard */; };
		8367B8C5214CE9DD00DD2B2D /* albums.json in Resources */ = {isa = PBXBuildFile; fileRef = 8367B8C4214CE9DD00DD2B2D /* albums.json */; };
		8367B8C7214CF0B300DD2B2D /* Album.swift in Sources */ = {isa = PBXBuildFile; fileRef = 8367B8C6214CF0B300DD2B2D /* Album.swift */; };
		8367B8C9214CF1A100DD2B2D /* AlbumModel.swift in Sources */ = {isa = PBXBuildFile; fileRef = 8367B8C8214CF1A100DD2B2D /* AlbumModel.swift */; };
		8367B8CB214CF44100DD2B2D /* AlbumCollectionViewCell.swift in Sources */ = {isa = PBXBuildFile; fileRef = 8367B8CA214CF44100DD2B2D /* AlbumCollectionViewCell.swift */; };
/* End PBXBuildFile section */

/* Begin PBXFileReference section */
		83582818215A2580003305C5 /* FileHelper.swift */ = {isa = PBXFileReference; lastKnownFileType = sourcecode.swift; path = FileHelper.swift; sourceTree = "<group>"; };
		8367B8AF214CE95700DD2B2D /* Project 10 Music Album.app */ = {isa = PBXFileReference; explicitFileType = wrapper.application; includeInIndex = 0; path = "Project 10 Music Album.app"; sourceTree = BUILT_PRODUCTS_DIR; };
		8367B8B2214CE95700DD2B2D /* AppDelegate.swift */ = {isa = PBXFileReference; lastKnownFileType = sourcecode.swift; path = AppDelegate.swift; sourceTree = "<group>"; };
		8367B8B4214CE95700DD2B2D /* AlbumViewController.swift */ = {isa = PBXFileReference; lastKnownFileType = sourcecode.swift; path = AlbumViewController.swift; sourceTree = "<group>"; };
		8367B8B7214CE95700DD2B2D /* Base */ = {isa = PBXFileReference; lastKnownFileType = file.storyboard; name = Base; path = Base.lproj/Main.storyboard; sourceTree = "<group>"; };
		8367B8B9214CE95800DD2B2D /* Assets.xcassets */ = {isa = PBXFileReference; lastKnownFileType = folder.assetcatalog; path = Assets.xcassets; sourceTree = "<group>"; };
		8367B8BC214CE95800DD2B2D /* Base */ = {isa = PBXFileReference; lastKnownFileType = file.storyboard; name = Base; path = Base.lproj/LaunchScreen.storyboard; sourceTree = "<group>"; };
		8367B8BE214CE95800DD2B2D /* Info.plist */ = {isa = PBXFileReference; lastKnownFileType = text.plist.xml; path = Info.plist; sourceTree = "<group>"; };
		8367B8C4214CE9DD00DD2B2D /* albums.json */ = {isa = PBXFileReference; fileEncoding = 4; lastKnownFileType = text.json; path = albums.json; sourceTree = "<group>"; };
		8367B8C6214CF0B300DD2B2D /* Album.swift */ = {isa = PBXFileReference; lastKnownFileType = sourcecode.swift; path = Album.swift; sourceTree = "<group>"; };
		8367B8C8214CF1A100DD2B2D /* AlbumModel.swift */ = {isa = PBXFileReference; lastKnownFileType = sourcecode.swift; path = AlbumModel.swift; sourceTree = "<group>"; };
		8367B8CA214CF44100DD2B2D /* AlbumCollectionViewCell.swift */ = {isa = PBXFileReference; lastKnownFileType = sourcecode.swift; path = AlbumCollectionViewCell.swift; sourceTree = "<group>"; };
/* End PBXFileReference section */

/* Begin PBXFrameworksBuildPhase section */
		8367B8AC214CE95700DD2B2D /* Frameworks */ = {
			isa = PBXFrameworksBuildPhase;
			buildActionMask = 2147483647;
			files = (
			);
			runOnlyForDeploymentPostprocessing = 0;
		};
/* End PBXFrameworksBuildPhase section */

/* Begin PBXGroup section */
		8367B8A6214CE95700DD2B2D = {
			isa = PBXGroup;
			children = (
				8367B8B1214CE95700DD2B2D /* Project 10 Music Album */,
				8367B8B0214CE95700DD2B2D /* Products */,
			);
			sourceTree = "<group>";
		};
		8367B8B0214CE95700DD2B2D /* Products */ = {
			isa = PBXGroup;
			children = (
				8367B8AF214CE95700DD2B2D /* Project 10 Music Album.app */,
			);
			name = Products;
			sourceTree = "<group>";
		};
		8367B8B1214CE95700DD2B2D /* Project 10 Music Album */ = {
			isa = PBXGroup;
			children = (
				8367B8B2214CE95700DD2B2D /* AppDelegate.swift */,
				8367B8B4214CE95700DD2B2D /* AlbumViewController.swift */,
				836EC39F21512E2A00DA5F5C /* Model */,
				836EC3A021512E3700DA5F5C /* View */,
				836EC39E21512E1A00DA5F5C /* Supporting */,
				8367B8BE214CE95800DD2B2D /* Info.plist */,
			);
			path = "Project 10 Music Album";
			sourceTree = "<group>";
		};
		836EC39E21512E1A00DA5F5C /* Supporting */ = {
			isa = PBXGroup;
			children = (
				8367B8B9214CE95800DD2B2D /* Assets.xcassets */,
				8367B8C4214CE9DD00DD2B2D /* albums.json */,
			);
			path = Supporting;
			sourceTree = "<group>";
		};
		836EC39F21512E2A00DA5F5C /* Model */ = {
			isa = PBXGroup;
			children = (
				8367B8C8214CF1A100DD2B2D /* AlbumModel.swift */,
				83582818215A2580003305C5 /* FileHelper.swift */,
				8367B8C6214CF0B300DD2B2D /* Album.swift */,
			);
			path = Model;
			sourceTree = "<group>";
		};
		836EC3A021512E3700DA5F5C /* View */ = {
			isa = PBXGroup;
			children = (
				8367B8BB214CE95800DD2B2D /* LaunchScreen.storyboard */,
				8367B8B6214CE95700DD2B2D /* Main.storyboard */,
				8367B8CA214CF44100DD2B2D /* AlbumCollectionViewCell.swift */,
			);
			path = View;
			sourceTree = "<group>";
		};
/* End PBXGroup section */

/* Begin PBXNativeTarget section */
		8367B8AE214CE95700DD2B2D /* Project 10 Music Album */ = {
			isa = PBXNativeTarget;
			buildConfigurationList = 8367B8C1214CE95800DD2B2D /* Build configuration list for PBXNativeTarget "Project 10 Music Album" */;
			buildPhases = (
				8367B8AB214CE95700DD2B2D /* Sources */,
				8367B8AC214CE95700DD2B2D /* Frameworks */,
				8367B8AD214CE95700DD2B2D /* Resources */,
			);
			buildRules = (
			);
			dependencies = (
			);
			name = "Project 10 Music Album";
			productName = "Project 10 Music Album";
			productReference = 8367B8AF214CE95700DD2B2D /* Project 10 Music Album.app */;
			productType = "com.apple.product-type.application";
		};
/* End PBXNativeTarget section */

/* Begin PBXProject section */
		8367B8A7214CE95700DD2B2D /* Project object */ = {
			isa = PBXProject;
			attributes = {
				LastSwiftUpdateCheck = 0940;
				LastUpgradeCheck = 0940;
				ORGANIZATIONNAME = Chris;
				TargetAttributes = {
					8367B8AE214CE95700DD2B2D = {
						CreatedOnToolsVersion = 9.4.1;
					};
				};
			};
			buildConfigurationList = 8367B8AA214CE95700DD2B2D /* Build configuration list for PBXProject "Project 10 Music Album" */;
			compatibilityVersion = "Xcode 9.3";
			developmentRegion = en;
			hasScannedForEncodings = 0;
			knownRegions = (
				en,
				Base,
			);
			mainGroup = 8367B8A6214CE95700DD2B2D;
			productRefGroup = 8367B8B0214CE95700DD2B2D /* Products */;
			projectDirPath = "";
			projectRoot = "";
			targets = (
				8367B8AE214CE95700DD2B2D /* Project 10 Music Album */,
			);
		};
/* End PBXProject section */

/* Begin PBXResourcesBuildPhase section */
		8367B8AD214CE95700DD2B2D /* Resources */ = {
			isa = PBXResourcesBuildPhase;
			buildActionMask = 2147483647;
			files = (
				8367B8BD214CE95800DD2B2D /* LaunchScreen.storyboard in Resources */,
				8367B8BA214CE95800DD2B2D /* Assets.xcassets in Resources */,
				8367B8B8214CE95700DD2B2D /* Main.storyboard in Resources */,
				8367B8C5214CE9DD00DD2B2D /* albums.json in Resources */,
			);
			runOnlyForDeploymentPostprocessing = 0;
		};
/* End PBXResourcesBuildPhase section */

/* Begin PBXSourcesBuildPhase section */
		8367B8AB214CE95700DD2B2D /* Sources */ = {
			isa = PBXSourcesBuildPhase;
			buildActionMask = 2147483647;
			files = (
				8367B8B5214CE95700DD2B2D /* AlbumViewController.swift in Sources */,
				8367B8C9214CF1A100DD2B2D /* AlbumModel.swift in Sources */,
				8367B8B3214CE95700DD2B2D /* AppDelegate.swift in Sources */,
				8367B8C7214CF0B300DD2B2D /* Album.swift in Sources */,
				8367B8CB214CF44100DD2B2D /* AlbumCollectionViewCell.swift in Sources */,
				83582819215A2580003305C5 /* FileHelper.swift in Sources */,
			);
			runOnlyForDeploymentPostprocessing = 0;
		};
/* End PBXSourcesBuildPhase section */

/* Begin PBXVariantGroup section */
		8367B8B6214CE95700DD2B2D /* Main.storyboard */ = {
			isa = PBXVariantGroup;
			children = (
				8367B8B7214CE95700DD2B2D /* Base */,
			);
			name = Main.storyboard;
			sourceTree = "<group>";
		};
		8367B8BB214CE95800DD2B2D /* LaunchScreen.storyboard */ = {
			isa = PBXVariantGroup;
			children = (
				8367B8BC214CE95800DD2B2D /* Base */,
			);
			name = LaunchScreen.storyboard;
			sourceTree = "<group>";
		};
/* End PBXVariantGroup section */

/* Begin XCBuildConfiguration section */
		8367B8BF214CE95800DD2B2D /* Debug */ = {
			isa = XCBuildConfiguration;
			buildSettings = {
				ALWAYS_SEARCH_USER_PATHS = NO;
				CLANG_ANALYZER_NONNULL = YES;
				CLANG_ANALYZER_NUMBER_OBJECT_CONVERSION = YES_AGGRESSIVE;
				CLANG_CXX_LANGUAGE_STANDARD = "gnu++14";
				CLANG_CXX_LIBRARY = "libc++";
				CLANG_ENABLE_MODULES = YES;
				CLANG_ENABLE_OBJC_ARC = YES;
				CLANG_ENABLE_OBJC_WEAK = YES;
				CLANG_WARN_BLOCK_CAPTURE_AUTORELEASING = YES;
				CLANG_WARN_BOOL_CONVERSION = YES;
				CLANG_WARN_COMMA = YES;
				CLANG_WARN_CONSTANT_CONVERSION = YES;
				CLANG_WARN_DEPRECATED_OBJC_IMPLEMENTATIONS = YES;
				CLANG_WARN_DIRECT_OBJC_ISA_USAGE = YES_ERROR;
				CLANG_WARN_DOCUMENTATION_COMMENTS = YES;
				CLANG_WARN_EMPTY_BODY = YES;
				CLANG_WARN_ENUM_CONVERSION = YES;
				CLANG_WARN_INFINITE_RECURSION = YES;
				CLANG_WARN_INT_CONVERSION = YES;
				CLANG_WARN_NON_LITERAL_NULL_CONVERSION = YES;
				CLANG_WARN_OBJC_IMPLICIT_RETAIN_SELF = YES;
				CLANG_WARN_OBJC_LITERAL_CONVERSION = YES;
				CLANG_WARN_OBJC_ROOT_CLASS = YES_ERROR;
				CLANG_WARN_RANGE_LOOP_ANALYSIS = YES;
				CLANG_WARN_STRICT_PROTOTYPES = YES;
				CLANG_WARN_SUSPICIOUS_MOVE = YES;
				CLANG_WARN_UNGUARDED_AVAILABILITY = YES_AGGRESSIVE;
				CLANG_WARN_UNREACHABLE_CODE = YES;
				CLANG_WARN__DUPLICATE_METHOD_MATCH = YES;
				CODE_SIGN_IDENTITY = "iPhone Developer";
				COPY_PHASE_STRIP = NO;
				DEBUG_INFORMATION_FORMAT = dwarf;
				ENABLE_STRICT_OBJC_MSGSEND = YES;
				ENABLE_TESTABILITY = YES;
				GCC_C_LANGUAGE_STANDARD = gnu11;
				GCC_DYNAMIC_NO_PIC = NO;
				GCC_NO_COMMON_BLOCKS = YES;
				GCC_OPTIMIZATION_LEVEL = 0;
				GCC_PREPROCESSOR_DEFINITIONS = (
					"DEBUG=1",
					"$(inherited)",
				);
				GCC_WARN_64_TO_32_BIT_CONVERSION = YES;
				GCC_WARN_ABOUT_RETURN_TYPE = YES_ERROR;
				GCC_WARN_UNDECLARED_SELECTOR = YES;
				GCC_WARN_UNINITIALIZED_AUTOS = YES_AGGRESSIVE;
				GCC_WARN_UNUSED_FUNCTION = YES;
				GCC_WARN_UNUSED_VARIABLE = YES;
				IPHONEOS_DEPLOYMENT_TARGET = 11.4;
				MTL_ENABLE_DEBUG_INFO = YES;
				ONLY_ACTIVE_ARCH = YES;
				SDKROOT = iphoneos;
				SWIFT_ACTIVE_COMPILATION_CONDITIONS = DEBUG;
				SWIFT_OPTIMIZATION_LEVEL = "-Onone";
			};
			name = Debug;
		};
		8367B8C0214CE95800DD2B2D /* Release */ = {
			isa = XCBuildConfiguration;
			buildSettings = {
				ALWAYS_SEARCH_USER_PATHS = NO;
				CLANG_ANALYZER_NONNULL = YES;
				CLANG_ANALYZER_NUMBER_OBJECT_CONVERSION = YES_AGGRESSIVE;
				CLANG_CXX_LANGUAGE_STANDARD = "gnu++14";
				CLANG_CXX_LIBRARY = "libc++";
				CLANG_ENABLE_MODULES = YES;
				CLANG_ENABLE_OBJC_ARC = YES;
				CLANG_ENABLE_OBJC_WEAK = YES;
				CLANG_WARN_BLOCK_CAPTURE_AUTORELEASING = YES;
				CLANG_WARN_BOOL_CONVERSION = YES;
				CLANG_WARN_COMMA = YES;
				CLANG_WARN_CONSTANT_CONVERSION = YES;
				CLANG_WARN_DEPRECATED_OBJC_IMPLEMENTATIONS = YES;
				CLANG_WARN_DIRECT_OBJC_ISA_USAGE = YES_ERROR;
				CLANG_WARN_DOCUMENTATION_COMMENTS = YES;
				CLANG_WARN_EMPTY_BODY = YES;
				CLANG_WARN_ENUM_CONVERSION = YES;
				CLANG_WARN_INFINITE_RECURSION = YES;
				CLANG_WARN_INT_CONVERSION = YES;
				CLANG_WARN_NON_LITERAL_NULL_CONVERSION = YES;
				CLANG_WARN_OBJC_IMPLICIT_RETAIN_SELF = YES;
				CLANG_WARN_OBJC_LITERAL_CONVERSION = YES;
				CLANG_WARN_OBJC_ROOT_CLASS = YES_ERROR;
				CLANG_WARN_RANGE_LOOP_ANALYSIS = YES;
				CLANG_WARN_STRICT_PROTOTYPES = YES;
				CLANG_WARN_SUSPICIOUS_MOVE = YES;
				CLANG_WARN_UNGUARDED_AVAILABILITY = YES_AGGRESSIVE;
				CLANG_WARN_UNREACHABLE_CODE = YES;
				CLANG_WARN__DUPLICATE_METHOD_MATCH = YES;
				CODE_SIGN_IDENTITY = "iPhone Developer";
				COPY_PHASE_STRIP = NO;
				DEBUG_INFORMATION_FORMAT = "dwarf-with-dsym";
				ENABLE_NS_ASSERTIONS = NO;
				ENABLE_STRICT_OBJC_MSGSEND = YES;
				GCC_C_LANGUAGE_STANDARD = gnu11;
				GCC_NO_COMMON_BLOCKS = YES;
				GCC_WARN_64_TO_32_BIT_CONVERSION = YES;
				GCC_WARN_ABOUT_RETURN_TYPE = YES_ERROR;
				GCC_WARN_UNDECLARED_SELECTOR = YES;
				GCC_WARN_UNINITIALIZED_AUTOS = YES_AGGRESSIVE;
				GCC_WARN_UNUSED_FUNCTION = YES;
				GCC_WARN_UNUSED_VARIABLE = YES;
				IPHONEOS_DEPLOYMENT_TARGET = 11.4;
				MTL_ENABLE_DEBUG_INFO = NO;
				SDKROOT = iphoneos;
				SWIFT_COMPILATION_MODE = wholemodule;
				SWIFT_OPTIMIZATION_LEVEL = "-O";
				VALIDATE_PRODUCT = YES;
			};
			name = Release;
		};
		8367B8C2214CE95800DD2B2D /* Debug */ = {
			isa = XCBuildConfiguration;
			buildSettings = {
				ASSETCATALOG_COMPILER_APPICON_NAME = AppIcon;
				CODE_SIGN_STYLE = Automatic;
				DEVELOPMENT_TEAM = QUVTA8Q65R;
				INFOPLIST_FILE = "Project 10 Music Album/Info.plist";
				IPHONEOS_DEPLOYMENT_TARGET = 11.3;
				LD_RUNPATH_SEARCH_PATHS = (
					"$(inherited)",
					"@executable_path/Frameworks",
				);
				PRODUCT_BUNDLE_IDENTIFIER = "com.jkjk.Project-10-Music-Album";
				PRODUCT_NAME = "$(TARGET_NAME)";
				SWIFT_VERSION = 4.0;
				TARGETED_DEVICE_FAMILY = "1,2";
			};
			name = Debug;
		};
		8367B8C3214CE95800DD2B2D /* Release */ = {
			isa = XCBuildConfiguration;
			buildSettings = {
				ASSETCATALOG_COMPILER_APPICON_NAME = AppIcon;
				CODE_SIGN_STYLE = Automatic;
				DEVELOPMENT_TEAM = QUVTA8Q65R;
				INFOPLIST_FILE = "Project 10 Music Album/Info.plist";
				IPHONEOS_DEPLOYMENT_TARGET = 11.3;
				LD_RUNPATH_SEARCH_PATHS = (
					"$(inherited)",
					"@executable_path/Frameworks",
				);
				PRODUCT_BUNDLE_IDENTIFIER = "com.jkjk.Project-10-Music-Album";
				PRODUCT_NAME = "$(TARGET_NAME)";
				SWIFT_VERSION = 4.0;
				TARGETED_DEVICE_FAMILY = "1,2";
			};
			name = Release;
		};
/* End XCBuildConfiguration section */

/* Begin XCConfigurationList section */
		8367B8AA214CE95700DD2B2D /* Build configuration list for PBXProject "Project 10 Music Album" */ = {
			isa = XCConfigurationList;
			buildConfigurations = (
				8367B8BF214CE95800DD2B2D /* Debug */,
				8367B8C0214CE95800DD2B2D /* Release */,
			);
			defaultConfigurationIsVisible = 0;
			defaultConfigurationName = Release;
		};
		8367B8C1214CE95800DD2B2D /* Build configuration list for PBXNativeTarget "Project 10 Music Album" */ = {
			isa = XCConfigurationList;
			buildConfigurations = (
				8367B8C2214CE95800DD2B2D /* Debug */,
				8367B8C3214CE95800DD2B2D /* Release */,
			);
			defaultConfigurationIsVisible = 0;
			defaultConfigurationName = Release;
		};
/* End XCConfigurationList section */
	};
	rootObject = 8367B8A7214CE95700DD2B2D /* Project object */;
}
